
Microsoft Visual Studio Solution File, Format Version 12.00
# Visual Studio Version 17
VisualStudioVersion = 17.6.33815.320
MinimumVisualStudioVersion = 10.0.40219.1
Project("{FAE04EC0-301F-11D3-BF4B-00C04F79EFBC}") = "Calaculate Age", "Calaculate Age.csproj", "{C1B47827-7CDE-499A-9D7C-5D6E6966180E}"
EndProject
Global
	GlobalSection(SolutionConfigurationPlatforms) = preSolution
		Debug|Any CPU = Debug|Any CPU
		Release|Any CPU = Release|Any CPU
	EndGlobalSection
	GlobalSection(ProjectConfigurationPlatforms) = postSolution
		{C1B47827-7CDE-499A-9D7C-5D6E6966180E}.Debug|Any CPU.ActiveCfg = Debug|Any CPU
		{C1B47827-7CDE-499A-9D7C-5D6E6966180E}.Debug|Any CPU.Build.0 = Debug|Any CPU
		{C1B47827-7CDE-499A-9D7C-5D6E6966180E}.Release|Any CPU.ActiveCfg = Release|Any CPU
		{C1B47827-7CDE-499A-9D7C-5D6E6966180E}.Release|Any CPU.Build.0 = Release|Any CPU
	EndGlobalSection
	GlobalSection(SolutionProperties) = preSolution
		HideSolutionNode = FALSE
	EndGlobalSection
	GlobalSection(ExtensibilityGlobals) = postSolution
		SolutionGuid = {19C73F4F-1DE6-473D-A85A-F0159FB4B5B6}
	EndGlobalSection
EndGlobal
